
Microsoft Visual Studio Solution File, Format Version 12.00
# Visual Studio Version 17
VisualStudioVersion = 17.8.34316.72
MinimumVisualStudioVersion = 10.0.40219.1
Project("{FAE04EC0-301F-11D3-BF4B-00C04F79EFBC}") = "Domain", "Domain\Domain.csproj", "{F66C8E0C-A5AF-446C-9E6E-1CB5460EE659}"
EndProject
Project("{FAE04EC0-301F-11D3-BF4B-00C04F79EFBC}") = "Application", "Application\Application.csproj", "{0ED50F63-A57C-4CA5-A2D9-E41A8F515CE6}"
EndProject
Project("{FAE04EC0-301F-11D3-BF4B-00C04F79EFBC}") = "Infrastructure", "Infrastructure\Infrastructure.csproj", "{020CF074-D85C-4AF6-A03A-5BAAAA4FC9D2}"
EndProject
Project("{FAE04EC0-301F-11D3-BF4B-00C04F79EFBC}") = "WebApi", "WebApi\WebApi.csproj", "{456A7A7E-B5E3-4695-98F4-537A580BD9B2}"
EndProject
Global
	GlobalSection(SolutionConfigurationPlatforms) = preSolution
		Debug|Any CPU = Debug|Any CPU
		Release|Any CPU = Release|Any CPU
	EndGlobalSection
	GlobalSection(ProjectConfigurationPlatforms) = postSolution
		{F66C8E0C-A5AF-446C-9E6E-1CB5460EE659}.Debug|Any CPU.ActiveCfg = Debug|Any CPU
		{F66C8E0C-A5AF-446C-9E6E-1CB5460EE659}.Debug|Any CPU.Build.0 = Debug|Any CPU
		{F66C8E0C-A5AF-446C-9E6E-1CB5460EE659}.Release|Any CPU.ActiveCfg = Release|Any CPU
		{F66C8E0C-A5AF-446C-9E6E-1CB5460EE659}.Release|Any CPU.Build.0 = Release|Any CPU
		{0ED50F63-A57C-4CA5-A2D9-E41A8F515CE6}.Debug|Any CPU.ActiveCfg = Debug|Any CPU
		{0ED50F63-A57C-4CA5-A2D9-E41A8F515CE6}.Debug|Any CPU.Build.0 = Debug|Any CPU
		{0ED50F63-A57C-4CA5-A2D9-E41A8F515CE6}.Release|Any CPU.ActiveCfg = Release|Any CPU
		{0ED50F63-A57C-4CA5-A2D9-E41A8F515CE6}.Release|Any CPU.Build.0 = Release|Any CPU
		{020CF074-D85C-4AF6-A03A-5BAAAA4FC9D2}.Debug|Any CPU.ActiveCfg = Debug|Any CPU
		{020CF074-D85C-4AF6-A03A-5BAAAA4FC9D2}.Debug|Any CPU.Build.0 = Debug|Any CPU
		{020CF074-D85C-4AF6-A03A-5BAAAA4FC9D2}.Release|Any CPU.ActiveCfg = Release|Any CPU
		{020CF074-D85C-4AF6-A03A-5BAAAA4FC9D2}.Release|Any CPU.Build.0 = Release|Any CPU
		{456A7A7E-B5E3-4695-98F4-537A580BD9B2}.Debug|Any CPU.ActiveCfg = Debug|Any CPU
		{456A7A7E-B5E3-4695-98F4-537A580BD9B2}.Debug|Any CPU.Build.0 = Debug|Any CPU
		{456A7A7E-B5E3-4695-98F4-537A580BD9B2}.Release|Any CPU.ActiveCfg = Release|Any CPU
		{456A7A7E-B5E3-4695-98F4-537A580BD9B2}.Release|Any CPU.Build.0 = Release|Any CPU
	EndGlobalSection
	GlobalSection(SolutionProperties) = preSolution
		HideSolutionNode = FALSE
	EndGlobalSection
	GlobalSection(ExtensibilityGlobals) = postSolution
		SolutionGuid = {607CEF10-03E1-4947-9F42-32464C836551}
	EndGlobalSection
EndGlobal
